
Microsoft Visual Studio Solution File, Format Version 12.00
# Visual Studio Version 17
VisualStudioVersion = 17.6.33815.320
MinimumVisualStudioVersion = 10.0.40219.1
Project("{FAE04EC0-301F-11D3-BF4B-00C04F79EFBC}") = "ConAppAssignment7", "ConAppAssignment7\ConAppAssignment7.csproj", "{35701FB4-870A-4142-9DC3-D7F24E25C333}"
EndProject
Global
	GlobalSection(SolutionConfigurationPlatforms) = preSolution
		Debug|Any CPU = Debug|Any CPU
		Release|Any CPU = Release|Any CPU
	EndGlobalSection
	GlobalSection(ProjectConfigurationPlatforms) = postSolution
		{35701FB4-870A-4142-9DC3-D7F24E25C333}.Debug|Any CPU.ActiveCfg = Debug|Any CPU
		{35701FB4-870A-4142-9DC3-D7F24E25C333}.Debug|Any CPU.Build.0 = Debug|Any CPU
		{35701FB4-870A-4142-9DC3-D7F24E25C333}.Release|Any CPU.ActiveCfg = Release|Any CPU
		{35701FB4-870A-4142-9DC3-D7F24E25C333}.Release|Any CPU.Build.0 = Release|Any CPU
	EndGlobalSection
	GlobalSection(SolutionProperties) = preSolution
		HideSolutionNode = FALSE
	EndGlobalSection
	GlobalSection(ExtensibilityGlobals) = postSolution
		SolutionGuid = {F4E5D53C-3BC3-454F-A35B-689D6B2AC3C4}
	EndGlobalSection
EndGlobal
